{
    "version": 3,
    "terraform_version": "0.11.7",
    "serial": 6,
    "lineage": "30bb276a-b863-1f7c-2fa3-279f2eb78493",
    "modules": [
        {
            "path": [
                "root"
            ],
            "outputs": {
                "cdn_domain": {
                    "sensitive": false,
                    "type": "string",
                    "value": "d2pxoii1gw31ct.cloudfront.net"
                },
                "route53_domain": {
                    "sensitive": false,
                    "type": "string",
                    "value": "cloudcloud.ninja"
                }
            },
            "resources": {
                "aws_cloudfront_distribution.cdn": {
                    "type": "aws_cloudfront_distribution",
                    "depends_on": [],
                    "primary": {
                        "id": "E5FYOCSBW4PHW",
                        "attributes": {
                            "active_trusted_signers.%": "2",
                            "active_trusted_signers.enabled": "false",
                            "active_trusted_signers.items.#": "0",
                            "aliases.#": "1",
                            "aliases.220574082": "cloudcloud.ninja",
                            "arn": "arn:aws:cloudfront::327297836487:distribution/E5FYOCSBW4PHW",
                            "cache_behavior.#": "0",
                            "caller_reference": "2018-06-25T15:52:41.098156+01:00",
                            "custom_error_response.#": "0",
                            "default_cache_behavior.#": "1",
                            "default_cache_behavior.3840215288.allowed_methods.#": "3",
                            "default_cache_behavior.3840215288.allowed_methods.0": "HEAD",
                            "default_cache_behavior.3840215288.allowed_methods.1": "GET",
                            "default_cache_behavior.3840215288.allowed_methods.2": "OPTIONS",
                            "default_cache_behavior.3840215288.cached_methods.#": "2",
                            "default_cache_behavior.3840215288.cached_methods.0": "HEAD",
                            "default_cache_behavior.3840215288.cached_methods.1": "GET",
                            "default_cache_behavior.3840215288.compress": "false",
                            "default_cache_behavior.3840215288.default_ttl": "3600",
                            "default_cache_behavior.3840215288.field_level_encryption_id": "",
                            "default_cache_behavior.3840215288.forwarded_values.#": "1",
                            "default_cache_behavior.3840215288.forwarded_values.2555876073.cookies.#": "1",
                            "default_cache_behavior.3840215288.forwarded_values.2555876073.cookies.2625240281.forward": "none",
                            "default_cache_behavior.3840215288.forwarded_values.2555876073.cookies.2625240281.whitelisted_names.#": "0",
                            "default_cache_behavior.3840215288.forwarded_values.2555876073.headers.#": "0",
                            "default_cache_behavior.3840215288.forwarded_values.2555876073.query_string": "true",
                            "default_cache_behavior.3840215288.forwarded_values.2555876073.query_string_cache_keys.#": "0",
                            "default_cache_behavior.3840215288.lambda_function_association.#": "0",
                            "default_cache_behavior.3840215288.max_ttl": "86400",
                            "default_cache_behavior.3840215288.min_ttl": "0",
                            "default_cache_behavior.3840215288.smooth_streaming": "false",
                            "default_cache_behavior.3840215288.target_origin_id": "cloudcloud.ninja",
                            "default_cache_behavior.3840215288.trusted_signers.#": "0",
                            "default_cache_behavior.3840215288.viewer_protocol_policy": "allow-all",
                            "default_root_object": "index.html",
                            "domain_name": "d2pxoii1gw31ct.cloudfront.net",
                            "enabled": "true",
                            "etag": "E25HAGEZ7X7YCV",
                            "hosted_zone_id": "Z2FDTNDATAQYW2",
                            "http_version": "http2",
                            "id": "E5FYOCSBW4PHW",
                            "in_progress_validation_batches": "0",
                            "is_ipv6_enabled": "false",
                            "last_modified_time": "2018-06-25 14:52:41.738 +0000 UTC",
                            "logging_config.#": "0",
                            "origin.#": "1",
                            "origin.3099461643.custom_header.#": "0",
                            "origin.3099461643.custom_origin_config.#": "0",
                            "origin.3099461643.domain_name": "cloudcloud.ninja.s3.amazonaws.com",
                            "origin.3099461643.origin_id": "cloudcloud.ninja",
                            "origin.3099461643.origin_path": "",
                            "origin.3099461643.s3_origin_config.#": "0",
                            "price_class": "PriceClass_100",
                            "restrictions.#": "1",
                            "restrictions.1097372288.geo_restriction.#": "1",
                            "restrictions.1097372288.geo_restriction.2625240281.locations.#": "0",
                            "restrictions.1097372288.geo_restriction.2625240281.restriction_type": "none",
                            "retain_on_delete": "false",
                            "status": "Deployed",
                            "tags.%": "0",
                            "viewer_certificate.#": "1",
                            "viewer_certificate.69840937.acm_certificate_arn": "",
                            "viewer_certificate.69840937.cloudfront_default_certificate": "true",
                            "viewer_certificate.69840937.iam_certificate_id": "",
                            "viewer_certificate.69840937.minimum_protocol_version": "TLSv1",
                            "viewer_certificate.69840937.ssl_support_method": "",
                            "web_acl_id": ""
                        },
                        "meta": {},
                        "tainted": false
                    },
                    "deposed": [],
                    "provider": "provider.aws"
                },
                "aws_route53_record.root_domain": {
                    "type": "aws_route53_record",
                    "depends_on": [
                        "aws_cloudfront_distribution.cdn",
                        "aws_route53_zone.main"
                    ],
                    "primary": {
                        "id": "Z2MW75Z5N7NYXO_cloudcloud.ninja_A",
                        "attributes": {
                            "alias.#": "1",
                            "alias.460768130.evaluate_target_health": "false",
                            "alias.460768130.name": "d2pxoii1gw31ct.cloudfront.net",
                            "alias.460768130.zone_id": "Z2FDTNDATAQYW2",
                            "allow_overwrite": "true",
                            "fqdn": "cloudcloud.ninja",
                            "health_check_id": "",
                            "id": "Z2MW75Z5N7NYXO_cloudcloud.ninja_A",
                            "name": "cloudcloud.ninja",
                            "records.#": "0",
                            "set_identifier": "",
                            "ttl": "0",
                            "type": "A",
                            "zone_id": "Z2MW75Z5N7NYXO"
                        },
                        "meta": {
                            "schema_version": "2"
                        },
                        "tainted": false
                    },
                    "deposed": [],
                    "provider": "provider.aws"
                },
                "aws_route53_zone.main": {
                    "type": "aws_route53_zone",
                    "depends_on": [],
                    "primary": {
                        "id": "Z2MW75Z5N7NYXO",
                        "attributes": {
                            "comment": "Managed by Terraform",
                            "force_destroy": "false",
                            "id": "Z2MW75Z5N7NYXO",
                            "name": "cloudcloud.ninja",
                            "name_servers.#": "4",
                            "name_servers.0": "ns-1088.awsdns-08.org",
                            "name_servers.1": "ns-1603.awsdns-08.co.uk",
                            "name_servers.2": "ns-467.awsdns-58.com",
                            "name_servers.3": "ns-603.awsdns-11.net",
                            "tags.%": "0",
                            "zone_id": "Z2MW75Z5N7NYXO"
                        },
                        "meta": {},
                        "tainted": false
                    },
                    "deposed": [],
                    "provider": "provider.aws"
                },
                "aws_s3_bucket.site": {
                    "type": "aws_s3_bucket",
                    "depends_on": [],
                    "primary": {
                        "id": "cloudcloud.ninja",
                        "attributes": {
                            "acceleration_status": "",
                            "acl": "public-read",
                            "arn": "arn:aws:s3:::cloudcloud.ninja",
                            "bucket": "cloudcloud.ninja",
                            "bucket_domain_name": "cloudcloud.ninja.s3.amazonaws.com",
                            "bucket_regional_domain_name": "cloudcloud.ninja.s3.us-west-2.amazonaws.com",
                            "cors_rule.#": "0",
                            "force_destroy": "false",
                            "hosted_zone_id": "Z3BJ6K6RIION7M",
                            "id": "cloudcloud.ninja",
                            "logging.#": "0",
                            "policy": "{\"Statement\":[{\"Action\":\"s3:GetObject\",\"Effect\":\"Allow\",\"Principal\":{\"AWS\":\"*\"},\"Resource\":\"arn:aws:s3:::cloudcloud.ninja/*\",\"Sid\":\"AllowPublicRead\"}],\"Version\":\"2008-10-17\"}",
                            "region": "us-west-2",
                            "replication_configuration.#": "0",
                            "request_payer": "BucketOwner",
                            "server_side_encryption_configuration.#": "0",
                            "tags.%": "0",
                            "versioning.#": "1",
                            "versioning.0.enabled": "false",
                            "versioning.0.mfa_delete": "false",
                            "website.#": "1",
                            "website.0.error_document": "",
                            "website.0.index_document": "index.html",
                            "website.0.redirect_all_requests_to": "",
                            "website.0.routing_rules": "",
                            "website_domain": "s3-website-us-west-2.amazonaws.com",
                            "website_endpoint": "cloudcloud.ninja.s3-website-us-west-2.amazonaws.com"
                        },
                        "meta": {},
                        "tainted": false
                    },
                    "deposed": [],
                    "provider": "provider.aws"
                }
            },
            "depends_on": []
        }
    ]
}
